
Microsoft Visual Studio Solution File, Format Version 12.00
# Visual Studio Version 16
VisualStudioVersion = 16.0.29020.237
MinimumVisualStudioVersion = 10.0.40219.1
Project("{FAE04EC0-301F-11D3-BF4B-00C04F79EFBC}") = "SimpleConnect.UWP", "SimpleConnect\SimpleConnect.UWP\SimpleConnect.UWP.csproj", "{87E5259E-DAD5-4985-97B7-87DC598045E4}"
EndProject
Project("{FAE04EC0-301F-11D3-BF4B-00C04F79EFBC}") = "SimpleConnect.Android", "SimpleConnect\SimpleConnect.Android\SimpleConnect.Android.csproj", "{5D2693C9-B6D9-40BB-AFBC-FF6E535E3385}"
EndProject
Project("{FAE04EC0-301F-11D3-BF4B-00C04F79EFBC}") = "SimpleConnect.iOS", "SimpleConnect\SimpleConnect.iOS\SimpleConnect.iOS.csproj", "{C85CE98E-A086-4811-AF28-87D4ADD28E8F}"
EndProject
Project("{FAE04EC0-301F-11D3-BF4B-00C04F79EFBC}") = "SimpleConnect", "SimpleConnect\SimpleConnect\SimpleConnect.csproj", "{390184FC-AFF0-418B-815C-6E0C6311CF0A}"
EndProject
Project("{2150E333-8FDC-42A3-9474-1A3956D46DE8}") = "SimpleConnect Project", "SimpleConnect Project", "{B410630E-182A-4479-8AC3-5F11876B37B7}"
EndProject
Global
	GlobalSection(SolutionConfigurationPlatforms) = preSolution
		Debug|Any CPU = Debug|Any CPU
		Debug|ARM = Debug|ARM
		Debug|iPhone = Debug|iPhone
		Debug|iPhoneSimulator = Debug|iPhoneSimulator
		Debug|x64 = Debug|x64
		Debug|x86 = Debug|x86
		Release|Any CPU = Release|Any CPU
		Release|ARM = Release|ARM
		Release|iPhone = Release|iPhone
		Release|iPhoneSimulator = Release|iPhoneSimulator
		Release|x64 = Release|x64
		Release|x86 = Release|x86
	EndGlobalSection
	GlobalSection(ProjectConfigurationPlatforms) = postSolution
		{87E5259E-DAD5-4985-97B7-87DC598045E4}.Debug|Any CPU.ActiveCfg = Debug|x86
		{87E5259E-DAD5-4985-97B7-87DC598045E4}.Debug|ARM.ActiveCfg = Debug|ARM
		{87E5259E-DAD5-4985-97B7-87DC598045E4}.Debug|ARM.Build.0 = Debug|ARM
		{87E5259E-DAD5-4985-97B7-87DC598045E4}.Debug|ARM.Deploy.0 = Debug|ARM
		{87E5259E-DAD5-4985-97B7-87DC598045E4}.Debug|iPhone.ActiveCfg = Debug|x86
		{87E5259E-DAD5-4985-97B7-87DC598045E4}.Debug|iPhoneSimulator.ActiveCfg = Debug|x86
		{87E5259E-DAD5-4985-97B7-87DC598045E4}.Debug|x64.ActiveCfg = Debug|x64
		{87E5259E-DAD5-4985-97B7-87DC598045E4}.Debug|x64.Build.0 = Debug|x64
		{87E5259E-DAD5-4985-97B7-87DC598045E4}.Debug|x64.Deploy.0 = Debug|x64
		{87E5259E-DAD5-4985-97B7-87DC598045E4}.Debug|x86.ActiveCfg = Debug|x86
		{87E5259E-DAD5-4985-97B7-87DC598045E4}.Debug|x86.Build.0 = Debug|x86
		{87E5259E-DAD5-4985-97B7-87DC598045E4}.Debug|x86.Deploy.0 = Debug|x86
		{87E5259E-DAD5-4985-97B7-87DC598045E4}.Release|Any CPU.ActiveCfg = Release|x86
		{87E5259E-DAD5-4985-97B7-87DC598045E4}.Release|ARM.ActiveCfg = Release|ARM
		{87E5259E-DAD5-4985-97B7-87DC598045E4}.Release|ARM.Build.0 = Release|ARM
		{87E5259E-DAD5-4985-97B7-87DC598045E4}.Release|ARM.Deploy.0 = Release|ARM
		{87E5259E-DAD5-4985-97B7-87DC598045E4}.Release|iPhone.ActiveCfg = Release|x86
		{87E5259E-DAD5-4985-97B7-87DC598045E4}.Release|iPhoneSimulator.ActiveCfg = Release|x86
		{87E5259E-DAD5-4985-97B7-87DC598045E4}.Release|x64.ActiveCfg = Release|x64
		{87E5259E-DAD5-4985-97B7-87DC598045E4}.Release|x64.Build.0 = Release|x64
		{87E5259E-DAD5-4985-97B7-87DC598045E4}.Release|x64.Deploy.0 = Release|x64
		{87E5259E-DAD5-4985-97B7-87DC598045E4}.Release|x86.ActiveCfg = Release|x86
		{87E5259E-DAD5-4985-97B7-87DC598045E4}.Release|x86.Build.0 = Release|x86
		{87E5259E-DAD5-4985-97B7-87DC598045E4}.Release|x86.Deploy.0 = Release|x86
		{5D2693C9-B6D9-40BB-AFBC-FF6E535E3385}.Debug|Any CPU.ActiveCfg = Debug|Any CPU
		{5D2693C9-B6D9-40BB-AFBC-FF6E535E3385}.Debug|Any CPU.Build.0 = Debug|Any CPU
		{5D2693C9-B6D9-40BB-AFBC-FF6E535E3385}.Debug|Any CPU.Deploy.0 = Debug|Any CPU
		{5D2693C9-B6D9-40BB-AFBC-FF6E535E3385}.Debug|ARM.ActiveCfg = Debug|Any CPU
		{5D2693C9-B6D9-40BB-AFBC-FF6E535E3385}.Debug|ARM.Build.0 = Debug|Any CPU
		{5D2693C9-B6D9-40BB-AFBC-FF6E535E3385}.Debug|ARM.Deploy.0 = Debug|Any CPU
		{5D2693C9-B6D9-40BB-AFBC-FF6E535E3385}.Debug|iPhone.ActiveCfg = Debug|Any CPU
		{5D2693C9-B6D9-40BB-AFBC-FF6E535E3385}.Debug|iPhone.Build.0 = Debug|Any CPU
		{5D2693C9-B6D9-40BB-AFBC-FF6E535E3385}.Debug|iPhone.Deploy.0 = Debug|Any CPU
		{5D2693C9-B6D9-40BB-AFBC-FF6E535E3385}.Debug|iPhoneSimulator.ActiveCfg = Debug|Any CPU
		{5D2693C9-B6D9-40BB-AFBC-FF6E535E3385}.Debug|iPhoneSimulator.Build.0 = Debug|Any CPU
		{5D2693C9-B6D9-40BB-AFBC-FF6E535E3385}.Debug|iPhoneSimulator.Deploy.0 = Debug|Any CPU
		{5D2693C9-B6D9-40BB-AFBC-FF6E535E3385}.Debug|x64.ActiveCfg = Debug|Any CPU
		{5D2693C9-B6D9-40BB-AFBC-FF6E535E3385}.Debug|x64.Build.0 = Debug|Any CPU
		{5D2693C9-B6D9-40BB-AFBC-FF6E535E3385}.Debug|x64.Deploy.0 = Debug|Any CPU
		{5D2693C9-B6D9-40BB-AFBC-FF6E535E3385}.Debug|x86.ActiveCfg = Debug|Any CPU
		{5D2693C9-B6D9-40BB-AFBC-FF6E535E3385}.Debug|x86.Build.0 = Debug|Any CPU
		{5D2693C9-B6D9-40BB-AFBC-FF6E535E3385}.Debug|x86.Deploy.0 = Debug|Any CPU
		{5D2693C9-B6D9-40BB-AFBC-FF6E535E3385}.Release|Any CPU.ActiveCfg = Release|Any CPU
		{5D2693C9-B6D9-40BB-AFBC-FF6E535E3385}.Release|Any CPU.Build.0 = Release|Any CPU
		{5D2693C9-B6D9-40BB-AFBC-FF6E535E3385}.Release|Any CPU.Deploy.0 = Release|Any CPU
		{5D2693C9-B6D9-40BB-AFBC-FF6E535E3385}.Release|ARM.ActiveCfg = Release|Any CPU
		{5D2693C9-B6D9-40BB-AFBC-FF6E535E3385}.Release|ARM.Build.0 = Release|Any CPU
		{5D2693C9-B6D9-40BB-AFBC-FF6E535E3385}.Release|ARM.Deploy.0 = Release|Any CPU
		{5D2693C9-B6D9-40BB-AFBC-FF6E535E3385}.Release|iPhone.ActiveCfg = Release|Any CPU
		{5D2693C9-B6D9-40BB-AFBC-FF6E535E3385}.Release|iPhone.Build.0 = Release|Any CPU
		{5D2693C9-B6D9-40BB-AFBC-FF6E535E3385}.Release|iPhone.Deploy.0 = Release|Any CPU
		{5D2693C9-B6D9-40BB-AFBC-FF6E535E3385}.Release|iPhoneSimulator.ActiveCfg = Release|Any CPU
		{5D2693C9-B6D9-40BB-AFBC-FF6E535E3385}.Release|iPhoneSimulator.Build.0 = Release|Any CPU
		{5D2693C9-B6D9-40BB-AFBC-FF6E535E3385}.Release|iPhoneSimulator.Deploy.0 = Release|Any CPU
		{5D2693C9-B6D9-40BB-AFBC-FF6E535E3385}.Release|x64.ActiveCfg = Release|Any CPU
		{5D2693C9-B6D9-40BB-AFBC-FF6E535E3385}.Release|x64.Build.0 = Release|Any CPU
		{5D2693C9-B6D9-40BB-AFBC-FF6E535E3385}.Release|x64.Deploy.0 = Release|Any CPU
		{5D2693C9-B6D9-40BB-AFBC-FF6E535E3385}.Release|x86.ActiveCfg = Release|Any CPU
		{5D2693C9-B6D9-40BB-AFBC-FF6E535E3385}.Release|x86.Build.0 = Release|Any CPU
		{5D2693C9-B6D9-40BB-AFBC-FF6E535E3385}.Release|x86.Deploy.0 = Release|Any CPU
		{C85CE98E-A086-4811-AF28-87D4ADD28E8F}.Debug|Any CPU.ActiveCfg = Debug|iPhone
		{C85CE98E-A086-4811-AF28-87D4ADD28E8F}.Debug|ARM.ActiveCfg = Debug|iPhone
		{C85CE98E-A086-4811-AF28-87D4ADD28E8F}.Debug|iPhone.ActiveCfg = Debug|iPhone
		{C85CE98E-A086-4811-AF28-87D4ADD28E8F}.Debug|iPhone.Build.0 = Debug|iPhone
		{C85CE98E-A086-4811-AF28-87D4ADD28E8F}.Debug|iPhoneSimulator.ActiveCfg = Debug|iPhoneSimulator
		{C85CE98E-A086-4811-AF28-87D4ADD28E8F}.Debug|iPhoneSimulator.Build.0 = Debug|iPhoneSimulator
		{C85CE98E-A086-4811-AF28-87D4ADD28E8F}.Debug|x64.ActiveCfg = Debug|iPhone
		{C85CE98E-A086-4811-AF28-87D4ADD28E8F}.Debug|x86.ActiveCfg = Debug|iPhone
		{C85CE98E-A086-4811-AF28-87D4ADD28E8F}.Release|Any CPU.ActiveCfg = Release|iPhone
		{C85CE98E-A086-4811-AF28-87D4ADD28E8F}.Release|ARM.ActiveCfg = Release|iPhone
		{C85CE98E-A086-4811-AF28-87D4ADD28E8F}.Release|iPhone.ActiveCfg = Release|iPhone
		{C85CE98E-A086-4811-AF28-87D4ADD28E8F}.Release|iPhone.Build.0 = Release|iPhone
		{C85CE98E-A086-4811-AF28-87D4ADD28E8F}.Release|iPhoneSimulator.ActiveCfg = Release|iPhoneSimulator
		{C85CE98E-A086-4811-AF28-87D4ADD28E8F}.Release|iPhoneSimulator.Build.0 = Release|iPhoneSimulator
		{C85CE98E-A086-4811-AF28-87D4ADD28E8F}.Release|x64.ActiveCfg = Release|iPhone
		{C85CE98E-A086-4811-AF28-87D4ADD28E8F}.Release|x86.ActiveCfg = Release|iPhone
		{390184FC-AFF0-418B-815C-6E0C6311CF0A}.Debug|Any CPU.ActiveCfg = Debug|Any CPU
		{390184FC-AFF0-418B-815C-6E0C6311CF0A}.Debug|Any CPU.Build.0 = Debug|Any CPU
		{390184FC-AFF0-418B-815C-6E0C6311CF0A}.Debug|ARM.ActiveCfg = Debug|Any CPU
		{390184FC-AFF0-418B-815C-6E0C6311CF0A}.Debug|ARM.Build.0 = Debug|Any CPU
		{390184FC-AFF0-418B-815C-6E0C6311CF0A}.Debug|iPhone.ActiveCfg = Debug|Any CPU
		{390184FC-AFF0-418B-815C-6E0C6311CF0A}.Debug|iPhone.Build.0 = Debug|Any CPU
		{390184FC-AFF0-418B-815C-6E0C6311CF0A}.Debug|iPhoneSimulator.ActiveCfg = Debug|Any CPU
		{390184FC-AFF0-418B-815C-6E0C6311CF0A}.Debug|iPhoneSimulator.Build.0 = Debug|Any CPU
		{390184FC-AFF0-418B-815C-6E0C6311CF0A}.Debug|x64.ActiveCfg = Debug|Any CPU
		{390184FC-AFF0-418B-815C-6E0C6311CF0A}.Debug|x64.Build.0 = Debug|Any CPU
		{390184FC-AFF0-418B-815C-6E0C6311CF0A}.Debug|x86.ActiveCfg = Debug|Any CPU
		{390184FC-AFF0-418B-815C-6E0C6311CF0A}.Debug|x86.Build.0 = Debug|Any CPU
		{390184FC-AFF0-418B-815C-6E0C6311CF0A}.Release|Any CPU.ActiveCfg = Release|Any CPU
		{390184FC-AFF0-418B-815C-6E0C6311CF0A}.Release|Any CPU.Build.0 = Release|Any CPU
		{390184FC-AFF0-418B-815C-6E0C6311CF0A}.Release|ARM.ActiveCfg = Release|Any CPU
		{390184FC-AFF0-418B-815C-6E0C6311CF0A}.Release|ARM.Build.0 = Release|Any CPU
		{390184FC-AFF0-418B-815C-6E0C6311CF0A}.Release|iPhone.ActiveCfg = Release|Any CPU
		{390184FC-AFF0-418B-815C-6E0C6311CF0A}.Release|iPhone.Build.0 = Release|Any CPU
		{390184FC-AFF0-418B-815C-6E0C6311CF0A}.Release|iPhoneSimulator.ActiveCfg = Release|Any CPU
		{390184FC-AFF0-418B-815C-6E0C6311CF0A}.Release|iPhoneSimulator.Build.0 = Release|Any CPU
		{390184FC-AFF0-418B-815C-6E0C6311CF0A}.Release|x64.ActiveCfg = Release|Any CPU
		{390184FC-AFF0-418B-815C-6E0C6311CF0A}.Release|x64.Build.0 = Release|Any CPU
		{390184FC-AFF0-418B-815C-6E0C6311CF0A}.Release|x86.ActiveCfg = Release|Any CPU
		{390184FC-AFF0-418B-815C-6E0C6311CF0A}.Release|x86.Build.0 = Release|Any CPU
	EndGlobalSection
	GlobalSection(SolutionProperties) = preSolution
		HideSolutionNode = FALSE
	EndGlobalSection
	GlobalSection(NestedProjects) = preSolution
		{87E5259E-DAD5-4985-97B7-87DC598045E4} = {B410630E-182A-4479-8AC3-5F11876B37B7}
		{5D2693C9-B6D9-40BB-AFBC-FF6E535E3385} = {B410630E-182A-4479-8AC3-5F11876B37B7}
		{C85CE98E-A086-4811-AF28-87D4ADD28E8F} = {B410630E-182A-4479-8AC3-5F11876B37B7}
		{390184FC-AFF0-418B-815C-6E0C6311CF0A} = {B410630E-182A-4479-8AC3-5F11876B37B7}
	EndGlobalSection
	GlobalSection(ExtensibilityGlobals) = postSolution
		SolutionGuid = {6A4778CF-6562-4DB3-BDA0-4FCCC8032BEA}
	EndGlobalSection
EndGlobal
